{
  "nodes": {
    "lazygit-nvim": {
      "flake": false,
      "locked": {
        "lastModified": 1754622381,
        "narHash": "sha256-L+1nyhr4+JnIsVsjzymVonOA1AOJVLmh5LM+FbggLQY=",
        "owner": "kdheepak",
        "repo": "lazygit.nvim",
        "rev": "3c524ebec6072568064235c407195e9f9fd0cb8a",
        "type": "github"
      },
      "original": {
        "owner": "kdheepak",
        "repo": "lazygit.nvim",
        "type": "github"
      }
    },
    "nixCats": {
      "locked": {
        "lastModified": 1753170780,
        "narHash": "sha256-rxnjPhOu7kr3REU8AhbKwRYnXHWlRXBqgWOO9MD0HyY=",
        "owner": "BirdeeHub",
        "repo": "nixCats-nvim",
        "rev": "e0c3fd5c218c808ce31e29caa91df43c65d7dfc6",
        "type": "github"
      },
      "original": {
        "owner": "BirdeeHub",
        "repo": "nixCats-nvim",
        "type": "github"
      }
    },
    "nixpkgs": {
      "locked": {
        "lastModified": 1754498491,
        "narHash": "sha256-erbiH2agUTD0Z30xcVSFcDHzkRvkRXOQ3lb887bcVrs=",
        "owner": "NixOS",
        "repo": "nixpkgs",
        "rev": "c2ae88e026f9525daf89587f3cbee584b92b6134",
        "type": "github"
      },
      "original": {
        "owner": "NixOS",
        "ref": "nixos-unstable",
        "repo": "nixpkgs",
        "type": "github"
      }
    },
    "org-grammar": {
      "flake": false,
      "locked": {
        "lastModified": 1747036335,
        "narHash": "sha256-k1g5+iyJvVWKOuAkFNaaKl42Xmmz9BN+vT0+IQ/4RQI=",
        "owner": "nvim-orgmode",
        "repo": "tree-sitter-org",
        "rev": "a146dd51d52e0eb5a736e427cd244d93375fbed9",
        "type": "github"
      },
      "original": {
        "owner": "nvim-orgmode",
        "ref": "next",
        "repo": "tree-sitter-org",
        "type": "github"
      }
    },
    "orgmode-nvim": {
      "flake": false,
      "locked": {
        "lastModified": 1759555282,
        "narHash": "sha256-pdXipfJ9E+9GEx4iWLVPDIpRWBakeMRRuKXJTN7uBuc=",
        "owner": "nvim-orgmode",
        "repo": "orgmode",
        "rev": "03777caca5c2df4c5b2067734b7829e9df07a423",
        "type": "github"
      },
      "original": {
        "owner": "nvim-orgmode",
        "repo": "orgmode",
        "type": "github"
      }
    },
    "osv-nvim": {
      "flake": false,
      "locked": {
        "lastModified": 1752955441,
        "narHash": "sha256-aDqBD24KvFT1JxlAVnie7RRIwOlboU8jmKhHfhOh+Ns=",
        "owner": "jbyuki",
        "repo": "one-small-step-for-vimkind",
        "rev": "91b4e0fb0d640def73812aceb22dafb99261dd67",
        "type": "github"
      },
      "original": {
        "owner": "jbyuki",
        "repo": "one-small-step-for-vimkind",
        "type": "github"
      }
    },
    "pdfpreview-nvim": {
      "flake": false,
      "locked": {
        "lastModified": 1752362857,
        "narHash": "sha256-t8zJL9MYjUTsNdKlGcPrweR6l/hBKZ7We9NGYEmevL8=",
        "owner": "franco-ruggeri",
        "repo": "pdf-preview.nvim",
        "rev": "640c294222f815f6ec773dba730994fd6d817df0",
        "type": "github"
      },
      "original": {
        "owner": "franco-ruggeri",
        "repo": "pdf-preview.nvim",
        "type": "github"
      }
    },
    "root": {
      "inputs": {
        "lazygit-nvim": "lazygit-nvim",
        "nixCats": "nixCats",
        "nixpkgs": "nixpkgs",
        "org-grammar": "org-grammar",
        "orgmode-nvim": "orgmode-nvim",
        "osv-nvim": "osv-nvim",
        "pdfpreview-nvim": "pdfpreview-nvim"
      }
    }
  },
  "root": "root",
  "version": 7
}
