{
  "nodes": {
    "grammars-org": {
      "flake": false,
      "locked": {
        "lastModified": 1778003548,
        "narHash": "sha256-76ImC8GMW+yAKG++AHryUi+MYTmtJ5ogygC+bgNMErA=",
        "owner": "nvim-orgmode",
        "repo": "tree-sitter-org",
        "rev": "f15da8e8fcb3a2d764c7092ae6ba4dc87d3b3093",
        "type": "github"
      },
      "original": {
        "owner": "nvim-orgmode",
        "ref": "next",
        "repo": "tree-sitter-org",
        "type": "github"
      }
    },
    "nixpkgs": {
      "locked": {
        "lastModified": 1780930886,
        "narHash": "sha256-rppURzHviaQN131F+nLiLdGfcb0uCd9gGP0E5+iw9MI=",
        "owner": "NixOS",
        "repo": "nixpkgs",
        "rev": "8c3cede7ddc26bd659d2d383b5610efbd2c7a16e",
        "type": "github"
      },
      "original": {
        "owner": "NixOS",
        "ref": "nixpkgs-unstable",
        "repo": "nixpkgs",
        "type": "github"
      }
    },
    "plugins-lze": {
      "flake": false,
      "locked": {
        "lastModified": 1780516349,
        "narHash": "sha256-AMOXr1DqbnPXbEdkSMnOOr2mpfo6rZbg2vw2A1zFoII=",
        "owner": "BirdeeHub",
        "repo": "lze",
        "rev": "177bba953cf422e4b8e4fa6f9b0a603b135e169e",
        "type": "github"
      },
      "original": {
        "owner": "BirdeeHub",
        "repo": "lze",
        "type": "github"
      }
    },
    "plugins-lzextras": {
      "flake": false,
      "locked": {
        "lastModified": 1780516431,
        "narHash": "sha256-aPZFLIF5RpE584X4RaJkRpah5bNi3yRrF3dzy1/PTW0=",
        "owner": "BirdeeHub",
        "repo": "lzextras",
        "rev": "780f189a44a8d6ee4027146488f83315addb7262",
        "type": "github"
      },
      "original": {
        "owner": "BirdeeHub",
        "repo": "lzextras",
        "type": "github"
      }
    },
    "plugins-neogit": {
      "flake": false,
      "locked": {
        "lastModified": 1782208277,
        "narHash": "sha256-WTnQnnOP98ZGnVRoQyhai0Bot4kQi6tGjWE7t4gSwdc=",
        "owner": "NeogitOrg",
        "repo": "neogit",
        "rev": "43ea1a0854052e583f647e0b35879f0158a70a78",
        "type": "github"
      },
      "original": {
        "owner": "NeogitOrg",
        "repo": "neogit",
        "type": "github"
      }
    },
    "plugins-org-bullets": {
      "flake": false,
      "locked": {
        "lastModified": 1774343634,
        "narHash": "sha256-Tgeqr/Zd1hJXXaln4XWGS5aZqypnpfNxgO/+pQVk7jg=",
        "owner": "nvim-orgmode",
        "repo": "org-bullets.nvim",
        "rev": "503fe053550879cc202086a40454e46a87c41ddb",
        "type": "github"
      },
      "original": {
        "owner": "nvim-orgmode",
        "repo": "org-bullets.nvim",
        "type": "github"
      }
    },
    "plugins-orgmode": {
      "flake": false,
      "locked": {
        "lastModified": 1782725846,
        "narHash": "sha256-6eaqKtmChXU6KVSO+RrasM63sEUAz4km12ChNegTTN8=",
        "owner": "nvim-orgmode",
        "repo": "orgmode",
        "rev": "f32a06d4b5399dad8bf0478c772bf6c513f02dcf",
        "type": "github"
      },
      "original": {
        "owner": "nvim-orgmode",
        "repo": "orgmode",
        "type": "github"
      }
    },
    "plugins-orgroam-nvim": {
      "flake": false,
      "locked": {
        "lastModified": 1780265111,
        "narHash": "sha256-dAFiQFmu9WgE2Wao3z4yFJgTEhHV/sRTkkq8uZk5EO0=",
        "owner": "chipsenkbeil",
        "repo": "org-roam.nvim",
        "rev": "0240378c92eb0c9d6bc4ccbc8a6046e3c3d02ece",
        "type": "github"
      },
      "original": {
        "owner": "chipsenkbeil",
        "repo": "org-roam.nvim",
        "type": "github"
      }
    },
    "root": {
      "inputs": {
        "grammars-org": "grammars-org",
        "nixpkgs": "nixpkgs",
        "plugins-lze": "plugins-lze",
        "plugins-lzextras": "plugins-lzextras",
        "plugins-neogit": "plugins-neogit",
        "plugins-org-bullets": "plugins-org-bullets",
        "plugins-orgmode": "plugins-orgmode",
        "plugins-orgroam-nvim": "plugins-orgroam-nvim",
        "wrappers": "wrappers"
      }
    },
    "wrappers": {
      "inputs": {
        "nixpkgs": [
          "nixpkgs"
        ]
      },
      "locked": {
        "lastModified": 1782135443,
        "narHash": "sha256-vAmbArdCyjqpVW+37aCy/PMBOLIqukUXLQuEKLwUhA4=",
        "owner": "BirdeeHub",
        "repo": "nix-wrapper-modules",
        "rev": "6e7f66fa2cdf4d63162580b438f7fcf87c28a46f",
        "type": "github"
      },
      "original": {
        "owner": "BirdeeHub",
        "repo": "nix-wrapper-modules",
        "type": "github"
      }
    }
  },
  "root": "root",
  "version": 7
}
