{
  "nodes": {
    "lazygit-nvim": {
      "flake": false,
      "locked": {
        "lastModified": 1749822865,
        "narHash": "sha256-c6ewjFDI2+ARe++vQevM3EMdQg63ik6BpkZ4GbcfDAg=",
        "owner": "kdheepak",
        "repo": "lazygit.nvim",
        "rev": "4839ab642962cc76bb1bf278427dc4c59be15072",
        "type": "github"
      },
      "original": {
        "owner": "kdheepak",
        "repo": "lazygit.nvim",
        "type": "github"
      }
    },
    "nixCats": {
      "locked": {
        "lastModified": 1748760778,
        "narHash": "sha256-i0xBOGCDtrJ29sIelwbSATUJK4AP6McPMxBA0dthK0o=",
        "owner": "BirdeeHub",
        "repo": "nixCats-nvim",
        "rev": "88cde33af841e2aa1ea0c83c4d9dcfefdde54fb3",
        "type": "github"
      },
      "original": {
        "owner": "BirdeeHub",
        "repo": "nixCats-nvim",
        "type": "github"
      }
    },
    "nixpkgs": {
      "locked": {
        "lastModified": 1749401433,
        "narHash": "sha256-HXIQzULIG/MEUW2Q/Ss47oE3QrjxvpUX7gUl4Xp6lnc=",
        "owner": "nixos",
        "repo": "nixpkgs",
        "rev": "08fcb0dcb59df0344652b38ea6326a2d8271baff",
        "type": "github"
      },
      "original": {
        "owner": "nixos",
        "ref": "nixpkgs-unstable",
        "repo": "nixpkgs",
        "type": "github"
      }
    },
    "osv-nvim": {
      "flake": false,
      "locked": {
        "lastModified": 1751764278,
        "narHash": "sha256-x5rdnxFxDQadAdWhnyewK1e8QFk/k3pgyLKBsFKS85Q=",
        "owner": "jbyuki",
        "repo": "one-small-step-for-vimkind",
        "rev": "81fa8fe2b9ed69a2c2af5fa79a2d4fe7a6ca60e5",
        "type": "github"
      },
      "original": {
        "owner": "jbyuki",
        "repo": "one-small-step-for-vimkind",
        "type": "github"
      }
    },
    "root": {
      "inputs": {
        "lazygit-nvim": "lazygit-nvim",
        "nixCats": "nixCats",
        "nixpkgs": "nixpkgs",
        "osv-nvim": "osv-nvim"
      }
    }
  },
  "root": "root",
  "version": 7
}
